
Microsoft Visual Studio Solution File, Format Version 12.00
# Visual Studio 15
VisualStudioVersion = 15.0.27004.2002
MinimumVisualStudioVersion = 10.0.40219.1
Project("{FAE04EC0-301F-11D3-BF4B-00C04F79EFBC}") = "JwtBearerDemo", "JwtBearerDemo\JwtBearerDemo.csproj", "{23E148CF-7B65-49E3-8F29-B4A291EBA063}"
EndProject
Global
	GlobalSection(SolutionConfigurationPlatforms) = preSolution
		Debug|Any CPU = Debug|Any CPU
		Release|Any CPU = Release|Any CPU
	EndGlobalSection
	GlobalSection(ProjectConfigurationPlatforms) = postSolution
		{23E148CF-7B65-49E3-8F29-B4A291EBA063}.Debug|Any CPU.ActiveCfg = Debug|Any CPU
		{23E148CF-7B65-49E3-8F29-B4A291EBA063}.Debug|Any CPU.Build.0 = Debug|Any CPU
		{23E148CF-7B65-49E3-8F29-B4A291EBA063}.Release|Any CPU.ActiveCfg = Release|Any CPU
		{23E148CF-7B65-49E3-8F29-B4A291EBA063}.Release|Any CPU.Build.0 = Release|Any CPU
	EndGlobalSection
	GlobalSection(SolutionProperties) = preSolution
		HideSolutionNode = FALSE
	EndGlobalSection
	GlobalSection(ExtensibilityGlobals) = postSolution
		SolutionGuid = {0723970B-19B1-4783-B7DA-484E06AC67A3}
	EndGlobalSection
EndGlobal
